PODS:
  - Apollo (0.49.1):
    - Apollo/Core (= 0.49.1)
  - Apollo/Core (0.49.1)
  - KeychainSwift (19.0.0)
  - SwiftFormat/CLI (0.48.11)

DEPENDENCIES:
  - Apollo
  - KeychainSwift
  - SwiftFormat/CLI

SPEC REPOS:
  trunk:
    - Apollo
    - KeychainSwift
    - SwiftFormat

SPEC CHECKSUMS:
  Apollo: 69f35ed8f8d87c32ef89e99e4f8c682399e9192b
  KeychainSwift: a06190cf933ad46b1e0abc3d77d29c06331715c7
  SwiftFormat: 938e5865a118c49d63c7a290ddad86335f9e585f

PODFILE CHECKSUM: 852a96520d4bd85667680f85685dabb84f202c51

COCOAPODS: 1.11.0
