// !$*UTF8*$!
{
	archiveVersion = 1;
	classes = {
	};
	objectVersion = 55;
	objects = {

/* Begin PBXBuildFile section */
		0543C990E0595BDD781EE147 /* Pods_Bills.framework in Frameworks */ = {isa = PBXBuildFile; fileRef = 1B17B24B7DD0EABD2152F00A /* Pods_Bills.framework */; };
		0728898E26FE7F27009B7848 /* BillsApp.swift in Sources */ = {isa = PBXBuildFile; fileRef = 0728898D26FE7F27009B7848 /* BillsApp.swift */; };
		0728899026FE7F27009B7848 /* ContentView.swift in Sources */ = {isa = PBXBuildFile; fileRef = 0728898F26FE7F27009B7848 /* ContentView.swift */; };
		0728899226FE7F28009B7848 /* Assets.xcassets in Resources */ = {isa = PBXBuildFile; fileRef = 0728899126FE7F28009B7848 /* Assets.xcassets */; };
		0728899526FE7F28009B7848 /* Preview Assets.xcassets in Resources */ = {isa = PBXBuildFile; fileRef = 0728899426FE7F28009B7848 /* Preview Assets.xcassets */; };
		0728899F26FE7F28009B7848 /* BillsTests.swift in Sources */ = {isa = PBXBuildFile; fileRef = 0728899E26FE7F28009B7848 /* BillsTests.swift */; };
		072889A926FE7F28009B7848 /* BillsUITests.swift in Sources */ = {isa = PBXBuildFile; fileRef = 072889A826FE7F28009B7848 /* BillsUITests.swift */; };
		072889AB26FE7F28009B7848 /* BillsUITestsLaunchTests.swift in Sources */ = {isa = PBXBuildFile; fileRef = 072889AA26FE7F28009B7848 /* BillsUITestsLaunchTests.swift */; };
		072889BA26FE7F93009B7848 /* HomeView.swift in Sources */ = {isa = PBXBuildFile; fileRef = 072889B926FE7F93009B7848 /* HomeView.swift */; };
		072889BC26FE8017009B7848 /* SettingsView.swift in Sources */ = {isa = PBXBuildFile; fileRef = 072889BB26FE8017009B7848 /* SettingsView.swift */; };
		072889BE26FE827E009B7848 /* GeneralView.swift in Sources */ = {isa = PBXBuildFile; fileRef = 072889BD26FE827E009B7848 /* GeneralView.swift */; };
		072889C026FE9342009B7848 /* AboutView.swift in Sources */ = {isa = PBXBuildFile; fileRef = 072889BF26FE9342009B7848 /* AboutView.swift */; };
		072889C226FEA277009B7848 /* ChartView.swift in Sources */ = {isa = PBXBuildFile; fileRef = 072889C126FEA277009B7848 /* ChartView.swift */; };
		0736924E27027C34001BF001 /* Feather.ttf in Resources */ = {isa = PBXBuildFile; fileRef = 0736924D27027C34001BF001 /* Feather.ttf */; };
		0736925227028172001BF001 /* FeatherIcon.swift in Sources */ = {isa = PBXBuildFile; fileRef = 0736925127028172001BF001 /* FeatherIcon.swift */; };
		0736925427028246001BF001 /* Glyphs.json in Resources */ = {isa = PBXBuildFile; fileRef = 0736925327028246001BF001 /* Glyphs.json */; };
		07369256270283B9001BF001 /* FeatherController.swift in Sources */ = {isa = PBXBuildFile; fileRef = 07369255270283B9001BF001 /* FeatherController.swift */; };
		07369258270288D6001BF001 /* TabBar.swift in Sources */ = {isa = PBXBuildFile; fileRef = 07369257270288D6001BF001 /* TabBar.swift */; };
		0736925C27029DB3001BF001 /* CurrencyField.swift in Sources */ = {isa = PBXBuildFile; fileRef = 0736925B27029DB3001BF001 /* CurrencyField.swift */; };
		07A176FC26FED43600DDBC2A /* Authentication.graphql in Resources */ = {isa = PBXBuildFile; fileRef = 07A176FB26FED43600DDBC2A /* Authentication.graphql */; };
		07A176FE26FED53B00DDBC2A /* API.swift in Sources */ = {isa = PBXBuildFile; fileRef = 07A176FD26FED53B00DDBC2A /* API.swift */; };
		07A1770026FED61500DDBC2A /* Network.swift in Sources */ = {isa = PBXBuildFile; fileRef = 07A176FF26FED61500DDBC2A /* Network.swift */; };
		07A1770226FED9F400DDBC2A /* LoginView.swift in Sources */ = {isa = PBXBuildFile; fileRef = 07A1770126FED9F400DDBC2A /* LoginView.swift */; };
		07CDB15426FF7D2B008A14DF /* LoginController.swift in Sources */ = {isa = PBXBuildFile; fileRef = 07CDB15326FF7D2B008A14DF /* LoginController.swift */; };
		07CDB15626FF8FD6008A14DF /* AuthenticationInterceptor.swift in Sources */ = {isa = PBXBuildFile; fileRef = 07CDB15526FF8FD6008A14DF /* AuthenticationInterceptor.swift */; };
		07CDB15826FF94B6008A14DF /* TokenManager.swift in Sources */ = {isa = PBXBuildFile; fileRef = 07CDB15726FF94B6008A14DF /* TokenManager.swift */; };
		07CDB15A26FFA4D7008A14DF /* AuthenticationController.swift in Sources */ = {isa = PBXBuildFile; fileRef = 07CDB15926FFA4D7008A14DF /* AuthenticationController.swift */; };
		07CDB15C26FFAA4C008A14DF /* User.graphql in Resources */ = {isa = PBXBuildFile; fileRef = 07CDB15B26FFAA4C008A14DF /* User.graphql */; };
		07CDB15E26FFAD23008A14DF /* ProfileController.swift in Sources */ = {isa = PBXBuildFile; fileRef = 07CDB15D26FFAD23008A14DF /* ProfileController.swift */; };
		07CDB16226FFB437008A14DF /* AddBillView.swift in Sources */ = {isa = PBXBuildFile; fileRef = 07CDB16126FFB437008A14DF /* AddBillView.swift */; };
		07CDB16426FFBDDF008A14DF /* Bill.graphql in Resources */ = {isa = PBXBuildFile; fileRef = 07CDB16326FFBDDF008A14DF /* Bill.graphql */; };
		07CDB16626FFBE83008A14DF /* BillController.swift in Sources */ = {isa = PBXBuildFile; fileRef = 07CDB16526FFBE83008A14DF /* BillController.swift */; };
		07CDB16926FFD51C008A14DF /* Currency.swift in Sources */ = {isa = PBXBuildFile; fileRef = 07CDB16826FFD51C008A14DF /* Currency.swift */; };
		07CDB16B26FFFBCB008A14DF /* Date.swift in Sources */ = {isa = PBXBuildFile; fileRef = 07CDB16A26FFFBCB008A14DF /* Date.swift */; };
		07CDB16D27000E52008A14DF /* BillView.swift in Sources */ = {isa = PBXBuildFile; fileRef = 07CDB16C27000E52008A14DF /* BillView.swift */; };
		6E4E28BCA2BD0F148FD5A6F2 /* Pods_BillsTests.framework in Frameworks */ = {isa = PBXBuildFile; fileRef = 768D23D64C7E2C3C32DB73AB /* Pods_BillsTests.framework */; };
		99E35A91F6556741A3B61935 /* Pods_Bills_BillsUITests.framework in Frameworks */ = {isa = PBXBuildFile; fileRef = BCA4D190DB7B53A362465FC8 /* Pods_Bills_BillsUITests.framework */; };
/* End PBXBuildFile section */

/* Begin PBXContainerItemProxy section */
		0728899B26FE7F28009B7848 /* PBXContainerItemProxy */ = {
			isa = PBXContainerItemProxy;
			containerPortal = 0728898226FE7F27009B7848 /* Project object */;
			proxyType = 1;
			remoteGlobalIDString = 0728898926FE7F27009B7848;
			remoteInfo = Bills;
		};
		072889A526FE7F28009B7848 /* PBXContainerItemProxy */ = {
			isa = PBXContainerItemProxy;
			containerPortal = 0728898226FE7F27009B7848 /* Project object */;
			proxyType = 1;
			remoteGlobalIDString = 0728898926FE7F27009B7848;
			remoteInfo = Bills;
		};
/* End PBXContainerItemProxy section */

/* Begin PBXFileReference section */
		0728898A26FE7F27009B7848 /* Bills.app */ = {isa = PBXFileReference; explicitFileType = wrapper.application; includeInIndex = 0; path = Bills.app; sourceTree = BUILT_PRODUCTS_DIR; };
		0728898D26FE7F27009B7848 /* BillsApp.swift */ = {isa = PBXFileReference; lastKnownFileType = sourcecode.swift; path = BillsApp.swift; sourceTree = "<group>"; };
		0728898F26FE7F27009B7848 /* ContentView.swift */ = {isa = PBXFileReference; lastKnownFileType = sourcecode.swift; path = ContentView.swift; sourceTree = "<group>"; };
		0728899126FE7F28009B7848 /* Assets.xcassets */ = {isa = PBXFileReference; lastKnownFileType = folder.assetcatalog; path = Assets.xcassets; sourceTree = "<group>"; };
		0728899426FE7F28009B7848 /* Preview Assets.xcassets */ = {isa = PBXFileReference; lastKnownFileType = folder.assetcatalog; path = "Preview Assets.xcassets"; sourceTree = "<group>"; };
		0728899A26FE7F28009B7848 /* BillsTests.xctest */ = {isa = PBXFileReference; explicitFileType = wrapper.cfbundle; includeInIndex = 0; path = BillsTests.xctest; sourceTree = BUILT_PRODUCTS_DIR; };
		0728899E26FE7F28009B7848 /* BillsTests.swift */ = {isa = PBXFileReference; lastKnownFileType = sourcecode.swift; path = BillsTests.swift; sourceTree = "<group>"; };
		072889A426FE7F28009B7848 /* BillsUITests.xctest */ = {isa = PBXFileReference; explicitFileType = wrapper.cfbundle; includeInIndex = 0; path = BillsUITests.xctest; sourceTree = BUILT_PRODUCTS_DIR; };
		072889A826FE7F28009B7848 /* BillsUITests.swift */ = {isa = PBXFileReference; lastKnownFileType = sourcecode.swift; path = BillsUITests.swift; sourceTree = "<group>"; };
		072889AA26FE7F28009B7848 /* BillsUITestsLaunchTests.swift */ = {isa = PBXFileReference; lastKnownFileType = sourcecode.swift; path = BillsUITestsLaunchTests.swift; sourceTree = "<group>"; };
		072889B926FE7F93009B7848 /* HomeView.swift */ = {isa = PBXFileReference; lastKnownFileType = sourcecode.swift; path = HomeView.swift; sourceTree = "<group>"; };
		072889BB26FE8017009B7848 /* SettingsView.swift */ = {isa = PBXFileReference; lastKnownFileType = sourcecode.swift; path = SettingsView.swift; sourceTree = "<group>"; };
		072889BD26FE827E009B7848 /* GeneralView.swift */ = {isa = PBXFileReference; lastKnownFileType = sourcecode.swift; path = GeneralView.swift; sourceTree = "<group>"; };
		072889BF26FE9342009B7848 /* AboutView.swift */ = {isa = PBXFileReference; lastKnownFileType = sourcecode.swift; path = AboutView.swift; sourceTree = "<group>"; };
		072889C126FEA277009B7848 /* ChartView.swift */ = {isa = PBXFileReference; lastKnownFileType = sourcecode.swift; path = ChartView.swift; sourceTree = "<group>"; };
		0736924D27027C34001BF001 /* Feather.ttf */ = {isa = PBXFileReference; lastKnownFileType = file; path = Feather.ttf; sourceTree = "<group>"; };
		0736924F27027DDD001BF001 /* Info.plist */ = {isa = PBXFileReference; lastKnownFileType = text.plist; path = Info.plist; sourceTree = "<group>"; };
		0736925127028172001BF001 /* FeatherIcon.swift */ = {isa = PBXFileReference; lastKnownFileType = sourcecode.swift; path = FeatherIcon.swift; sourceTree = "<group>"; };
		0736925327028246001BF001 /* Glyphs.json */ = {isa = PBXFileReference; lastKnownFileType = text.json; path = Glyphs.json; sourceTree = "<group>"; };
		07369255270283B9001BF001 /* FeatherController.swift */ = {isa = PBXFileReference; lastKnownFileType = sourcecode.swift; path = FeatherController.swift; sourceTree = "<group>"; };
		07369257270288D6001BF001 /* TabBar.swift */ = {isa = PBXFileReference; lastKnownFileType = sourcecode.swift; path = TabBar.swift; sourceTree = "<group>"; };
		0736925B27029DB3001BF001 /* CurrencyField.swift */ = {isa = PBXFileReference; lastKnownFileType = sourcecode.swift; path = CurrencyField.swift; sourceTree = "<group>"; };
		07A176FB26FED43600DDBC2A /* Authentication.graphql */ = {isa = PBXFileReference; lastKnownFileType = text; path = Authentication.graphql; sourceTree = "<group>"; };
		07A176FD26FED53B00DDBC2A /* API.swift */ = {isa = PBXFileReference; fileEncoding = 4; lastKnownFileType = sourcecode.swift; name = API.swift; path = Bills/API.swift; sourceTree = SOURCE_ROOT; };
		07A176FF26FED61500DDBC2A /* Network.swift */ = {isa = PBXFileReference; lastKnownFileType = sourcecode.swift; path = Network.swift; sourceTree = "<group>"; };
		07A1770126FED9F400DDBC2A /* LoginView.swift */ = {isa = PBXFileReference; lastKnownFileType = sourcecode.swift; path = LoginView.swift; sourceTree = "<group>"; };
		07CDB15326FF7D2B008A14DF /* LoginController.swift */ = {isa = PBXFileReference; lastKnownFileType = sourcecode.swift; path = LoginController.swift; sourceTree = "<group>"; };
		07CDB15526FF8FD6008A14DF /* AuthenticationInterceptor.swift */ = {isa = PBXFileReference; lastKnownFileType = sourcecode.swift; path = AuthenticationInterceptor.swift; sourceTree = "<group>"; };
		07CDB15726FF94B6008A14DF /* TokenManager.swift */ = {isa = PBXFileReference; lastKnownFileType = sourcecode.swift; path = TokenManager.swift; sourceTree = "<group>"; };
		07CDB15926FFA4D7008A14DF /* AuthenticationController.swift */ = {isa = PBXFileReference; lastKnownFileType = sourcecode.swift; path = AuthenticationController.swift; sourceTree = "<group>"; };
		07CDB15B26FFAA4C008A14DF /* User.graphql */ = {isa = PBXFileReference; lastKnownFileType = text; path = User.graphql; sourceTree = "<group>"; };
		07CDB15D26FFAD23008A14DF /* ProfileController.swift */ = {isa = PBXFileReference; lastKnownFileType = sourcecode.swift; path = ProfileController.swift; sourceTree = "<group>"; };
		07CDB16126FFB437008A14DF /* AddBillView.swift */ = {isa = PBXFileReference; lastKnownFileType = sourcecode.swift; path = AddBillView.swift; sourceTree = "<group>"; };
		07CDB16326FFBDDF008A14DF /* Bill.graphql */ = {isa = PBXFileReference; lastKnownFileType = text; path = Bill.graphql; sourceTree = "<group>"; };
		07CDB16526FFBE83008A14DF /* BillController.swift */ = {isa = PBXFileReference; lastKnownFileType = sourcecode.swift; path = BillController.swift; sourceTree = "<group>"; };
		07CDB16826FFD51C008A14DF /* Currency.swift */ = {isa = PBXFileReference; lastKnownFileType = sourcecode.swift; path = Currency.swift; sourceTree = "<group>"; };
		07CDB16A26FFFBCB008A14DF /* Date.swift */ = {isa = PBXFileReference; lastKnownFileType = sourcecode.swift; path = Date.swift; sourceTree = "<group>"; };
		07CDB16C27000E52008A14DF /* BillView.swift */ = {isa = PBXFileReference; lastKnownFileType = sourcecode.swift; path = BillView.swift; sourceTree = "<group>"; };
		09706D9AACABC75B7FDEC1BD /* Pods-Bills.debug.xcconfig */ = {isa = PBXFileReference; includeInIndex = 1; lastKnownFileType = text.xcconfig; name = "Pods-Bills.debug.xcconfig"; path = "Target Support Files/Pods-Bills/Pods-Bills.debug.xcconfig"; sourceTree = "<group>"; };
		1B17B24B7DD0EABD2152F00A /* Pods_Bills.framework */ = {isa = PBXFileReference; explicitFileType = wrapper.framework; includeInIndex = 0; path = Pods_Bills.framework; sourceTree = BUILT_PRODUCTS_DIR; };
		2BAFC8B2B4332D115F51D4E8 /* Pods-Bills.release.xcconfig */ = {isa = PBXFileReference; includeInIndex = 1; lastKnownFileType = text.xcconfig; name = "Pods-Bills.release.xcconfig"; path = "Target Support Files/Pods-Bills/Pods-Bills.release.xcconfig"; sourceTree = "<group>"; };
		6F1069CAF482C01927E46AF8 /* Pods-BillsTests.debug.xcconfig */ = {isa = PBXFileReference; includeInIndex = 1; lastKnownFileType = text.xcconfig; name = "Pods-BillsTests.debug.xcconfig"; path = "Target Support Files/Pods-BillsTests/Pods-BillsTests.debug.xcconfig"; sourceTree = "<group>"; };
		768D23D64C7E2C3C32DB73AB /* Pods_BillsTests.framework */ = {isa = PBXFileReference; explicitFileType = wrapper.framework; includeInIndex = 0; path = Pods_BillsTests.framework; sourceTree = BUILT_PRODUCTS_DIR; };
		BA9950477D4283ED9E7BB617 /* Pods-Bills-BillsUITests.release.xcconfig */ = {isa = PBXFileReference; includeInIndex = 1; lastKnownFileType = text.xcconfig; name = "Pods-Bills-BillsUITests.release.xcconfig"; path = "Target Support Files/Pods-Bills-BillsUITests/Pods-Bills-BillsUITests.release.xcconfig"; sourceTree = "<group>"; };
		BCA4D190DB7B53A362465FC8 /* Pods_Bills_BillsUITests.framework */ = {isa = PBXFileReference; explicitFileType = wrapper.framework; includeInIndex = 0; path = Pods_Bills_BillsUITests.framework; sourceTree = BUILT_PRODUCTS_DIR; };
		F6021C4B4B245B36F6098154 /* Pods-BillsTests.release.xcconfig */ = {isa = PBXFileReference; includeInIndex = 1; lastKnownFileType = text.xcconfig; name = "Pods-BillsTests.release.xcconfig"; path = "Target Support Files/Pods-BillsTests/Pods-BillsTests.release.xcconfig"; sourceTree = "<group>"; };
		FC30D5E8ABC7CB067696C0CB /* Pods-Bills-BillsUITests.debug.xcconfig */ = {isa = PBXFileReference; includeInIndex = 1; lastKnownFileType = text.xcconfig; name = "Pods-Bills-BillsUITests.debug.xcconfig"; path = "Target Support Files/Pods-Bills-BillsUITests/Pods-Bills-BillsUITests.debug.xcconfig"; sourceTree = "<group>"; };
/* End PBXFileReference section */

/* Begin PBXFrameworksBuildPhase section */
		0728898726FE7F27009B7848 /* Frameworks */ = {
			isa = PBXFrameworksBuildPhase;
			buildActionMask = 2147483647;
			files = (
				0543C990E0595BDD781EE147 /* Pods_Bills.framework in Frameworks */,
			);
			runOnlyForDeploymentPostprocessing = 0;
		};
		0728899726FE7F28009B7848 /* Frameworks */ = {
			isa = PBXFrameworksBuildPhase;
			buildActionMask = 2147483647;
			files = (
				6E4E28BCA2BD0F148FD5A6F2 /* Pods_BillsTests.framework in Frameworks */,
			);
			runOnlyForDeploymentPostprocessing = 0;
		};
		072889A126FE7F28009B7848 /* Frameworks */ = {
			isa = PBXFrameworksBuildPhase;
			buildActionMask = 2147483647;
			files = (
				99E35A91F6556741A3B61935 /* Pods_Bills_BillsUITests.framework in Frameworks */,
			);
			runOnlyForDeploymentPostprocessing = 0;
		};
/* End PBXFrameworksBuildPhase section */

/* Begin PBXGroup section */
		0728898126FE7F27009B7848 = {
			isa = PBXGroup;
			children = (
				0728898C26FE7F27009B7848 /* Bills */,
				0728899D26FE7F28009B7848 /* BillsTests */,
				072889A726FE7F28009B7848 /* BillsUITests */,
				0728898B26FE7F27009B7848 /* Products */,
				81E6607409652E0FD402E14F /* Pods */,
				A8AECADF55F201122A83538D /* Frameworks */,
			);
			sourceTree = "<group>";
		};
		0728898B26FE7F27009B7848 /* Products */ = {
			isa = PBXGroup;
			children = (
				0728898A26FE7F27009B7848 /* Bills.app */,
				0728899A26FE7F28009B7848 /* BillsTests.xctest */,
				072889A426FE7F28009B7848 /* BillsUITests.xctest */,
			);
			name = Products;
			sourceTree = "<group>";
		};
		0728898C26FE7F27009B7848 /* Bills */ = {
			isa = PBXGroup;
			children = (
				0736925027028158001BF001 /* Components */,
				0736924F27027DDD001BF001 /* Info.plist */,
				0736924C27027BF2001BF001 /* Assets */,
				07CDB16726FFD50C008A14DF /* Utils */,
				07CDB15226FF7D12008A14DF /* Controllers */,
				07A176F826FED12200DDBC2A /* Providers */,
				072889B826FE7F7E009B7848 /* Views */,
				0728898D26FE7F27009B7848 /* BillsApp.swift */,
				0728898F26FE7F27009B7848 /* ContentView.swift */,
				0728899126FE7F28009B7848 /* Assets.xcassets */,
				0728899326FE7F28009B7848 /* Preview Content */,
			);
			path = Bills;
			sourceTree = "<group>";
		};
		0728899326FE7F28009B7848 /* Preview Content */ = {
			isa = PBXGroup;
			children = (
				0728899426FE7F28009B7848 /* Preview Assets.xcassets */,
			);
			path = "Preview Content";
			sourceTree = "<group>";
		};
		0728899D26FE7F28009B7848 /* BillsTests */ = {
			isa = PBXGroup;
			children = (
				0728899E26FE7F28009B7848 /* BillsTests.swift */,
			);
			path = BillsTests;
			sourceTree = "<group>";
		};
		072889A726FE7F28009B7848 /* BillsUITests */ = {
			isa = PBXGroup;
			children = (
				072889A826FE7F28009B7848 /* BillsUITests.swift */,
				072889AA26FE7F28009B7848 /* BillsUITestsLaunchTests.swift */,
			);
			path = BillsUITests;
			sourceTree = "<group>";
		};
		072889B826FE7F7E009B7848 /* Views */ = {
			isa = PBXGroup;
			children = (
				072889B926FE7F93009B7848 /* HomeView.swift */,
				072889BB26FE8017009B7848 /* SettingsView.swift */,
				072889BD26FE827E009B7848 /* GeneralView.swift */,
				072889BF26FE9342009B7848 /* AboutView.swift */,
				072889C126FEA277009B7848 /* ChartView.swift */,
				07A1770126FED9F400DDBC2A /* LoginView.swift */,
				07CDB16126FFB437008A14DF /* AddBillView.swift */,
				07CDB16C27000E52008A14DF /* BillView.swift */,
			);
			path = Views;
			sourceTree = "<group>";
		};
		0736924C27027BF2001BF001 /* Assets */ = {
			isa = PBXGroup;
			children = (
				0736924D27027C34001BF001 /* Feather.ttf */,
				0736925327028246001BF001 /* Glyphs.json */,
			);
			path = Assets;
			sourceTree = "<group>";
		};
		0736925027028158001BF001 /* Components */ = {
			isa = PBXGroup;
			children = (
				0736925127028172001BF001 /* FeatherIcon.swift */,
				07369257270288D6001BF001 /* TabBar.swift */,
				0736925B27029DB3001BF001 /* CurrencyField.swift */,
			);
			path = Components;
			sourceTree = "<group>";
		};
		07A176F826FED12200DDBC2A /* Providers */ = {
			isa = PBXGroup;
			children = (
				07CDB15726FF94B6008A14DF /* TokenManager.swift */,
				07CDB15526FF8FD6008A14DF /* AuthenticationInterceptor.swift */,
				07A176FF26FED61500DDBC2A /* Network.swift */,
				07A176FD26FED53B00DDBC2A /* API.swift */,
				07A176FA26FED40700DDBC2A /* Graphql */,
			);
			path = Providers;
			sourceTree = "<group>";
		};
		07A176FA26FED40700DDBC2A /* Graphql */ = {
			isa = PBXGroup;
			children = (
				07A176FB26FED43600DDBC2A /* Authentication.graphql */,
				07CDB15B26FFAA4C008A14DF /* User.graphql */,
				07CDB16326FFBDDF008A14DF /* Bill.graphql */,
			);
			path = Graphql;
			sourceTree = "<group>";
		};
		07CDB15226FF7D12008A14DF /* Controllers */ = {
			isa = PBXGroup;
			children = (
				07CDB15326FF7D2B008A14DF /* LoginController.swift */,
				07CDB15926FFA4D7008A14DF /* AuthenticationController.swift */,
				07CDB15D26FFAD23008A14DF /* ProfileController.swift */,
				07CDB16526FFBE83008A14DF /* BillController.swift */,
				07369255270283B9001BF001 /* FeatherController.swift */,
			);
			path = Controllers;
			sourceTree = "<group>";
		};
		07CDB16726FFD50C008A14DF /* Utils */ = {
			isa = PBXGroup;
			children = (
				07CDB16826FFD51C008A14DF /* Currency.swift */,
				07CDB16A26FFFBCB008A14DF /* Date.swift */,
			);
			path = Utils;
			sourceTree = "<group>";
		};
		81E6607409652E0FD402E14F /* Pods */ = {
			isa = PBXGroup;
			children = (
				09706D9AACABC75B7FDEC1BD /* Pods-Bills.debug.xcconfig */,
				2BAFC8B2B4332D115F51D4E8 /* Pods-Bills.release.xcconfig */,
				FC30D5E8ABC7CB067696C0CB /* Pods-Bills-BillsUITests.debug.xcconfig */,
				BA9950477D4283ED9E7BB617 /* Pods-Bills-BillsUITests.release.xcconfig */,
				6F1069CAF482C01927E46AF8 /* Pods-BillsTests.debug.xcconfig */,
				F6021C4B4B245B36F6098154 /* Pods-BillsTests.release.xcconfig */,
			);
			path = Pods;
			sourceTree = "<group>";
		};
		A8AECADF55F201122A83538D /* Frameworks */ = {
			isa = PBXGroup;
			children = (
				1B17B24B7DD0EABD2152F00A /* Pods_Bills.framework */,
				BCA4D190DB7B53A362465FC8 /* Pods_Bills_BillsUITests.framework */,
				768D23D64C7E2C3C32DB73AB /* Pods_BillsTests.framework */,
			);
			name = Frameworks;
			sourceTree = "<group>";
		};
/* End PBXGroup section */

/* Begin PBXNativeTarget section */
		0728898926FE7F27009B7848 /* Bills */ = {
			isa = PBXNativeTarget;
			buildConfigurationList = 072889AE26FE7F28009B7848 /* Build configuration list for PBXNativeTarget "Bills" */;
			buildPhases = (
				8B77BC5EFA8A0398C73F893D /* [CP] Check Pods Manifest.lock */,
				07A176F926FED3BA00DDBC2A /* Generate Apollo GraphQL API */,
				0754C23F270226B300325720 /* Format */,
				0728898626FE7F27009B7848 /* Sources */,
				0728898726FE7F27009B7848 /* Frameworks */,
				0728898826FE7F27009B7848 /* Resources */,
				F489EB97BC421CAA078EFE84 /* [CP] Embed Pods Frameworks */,
			);
			buildRules = (
			);
			dependencies = (
			);
			name = Bills;
			productName = Bills;
			productReference = 0728898A26FE7F27009B7848 /* Bills.app */;
			productType = "com.apple.product-type.application";
		};
		0728899926FE7F28009B7848 /* BillsTests */ = {
			isa = PBXNativeTarget;
			buildConfigurationList = 072889B126FE7F28009B7848 /* Build configuration list for PBXNativeTarget "BillsTests" */;
			buildPhases = (
				E2CCD9E2540D48710B89C472 /* [CP] Check Pods Manifest.lock */,
				0728899626FE7F28009B7848 /* Sources */,
				0728899726FE7F28009B7848 /* Frameworks */,
				0728899826FE7F28009B7848 /* Resources */,
			);
			buildRules = (
			);
			dependencies = (
				0728899C26FE7F28009B7848 /* PBXTargetDependency */,
			);
			name = BillsTests;
			productName = BillsTests;
			productReference = 0728899A26FE7F28009B7848 /* BillsTests.xctest */;
			productType = "com.apple.product-type.bundle.unit-test";
		};
		072889A326FE7F28009B7848 /* BillsUITests */ = {
			isa = PBXNativeTarget;
			buildConfigurationList = 072889B426FE7F28009B7848 /* Build configuration list for PBXNativeTarget "BillsUITests" */;
			buildPhases = (
				16AA49796859705F6320B4DB /* [CP] Check Pods Manifest.lock */,
				072889A026FE7F28009B7848 /* Sources */,
				072889A126FE7F28009B7848 /* Frameworks */,
				072889A226FE7F28009B7848 /* Resources */,
				68BAE4DD0DB1E0B55275DDD3 /* [CP] Embed Pods Frameworks */,
			);
			buildRules = (
			);
			dependencies = (
				072889A626FE7F28009B7848 /* PBXTargetDependency */,
			);
			name = BillsUITests;
			productName = BillsUITests;
			productReference = 072889A426FE7F28009B7848 /* BillsUITests.xctest */;
			productType = "com.apple.product-type.bundle.ui-testing";
		};
/* End PBXNativeTarget section */

/* Begin PBXProject section */
		0728898226FE7F27009B7848 /* Project object */ = {
			isa = PBXProject;
			attributes = {
				BuildIndependentTargetsInParallel = 1;
				LastSwiftUpdateCheck = 1300;
				LastUpgradeCheck = 1300;
				TargetAttributes = {
					0728898926FE7F27009B7848 = {
						CreatedOnToolsVersion = 13.0;
					};
					0728899926FE7F28009B7848 = {
						CreatedOnToolsVersion = 13.0;
						TestTargetID = 0728898926FE7F27009B7848;
					};
					072889A326FE7F28009B7848 = {
						CreatedOnToolsVersion = 13.0;
						TestTargetID = 0728898926FE7F27009B7848;
					};
				};
			};
			buildConfigurationList = 0728898526FE7F27009B7848 /* Build configuration list for PBXProject "Bills" */;
			compatibilityVersion = "Xcode 13.0";
			developmentRegion = en;
			hasScannedForEncodings = 0;
			knownRegions = (
				en,
				Base,
			);
			mainGroup = 0728898126FE7F27009B7848;
			productRefGroup = 0728898B26FE7F27009B7848 /* Products */;
			projectDirPath = "";
			projectRoot = "";
			targets = (
				0728898926FE7F27009B7848 /* Bills */,
				0728899926FE7F28009B7848 /* BillsTests */,
				072889A326FE7F28009B7848 /* BillsUITests */,
			);
		};
/* End PBXProject section */

/* Begin PBXResourcesBuildPhase section */
		0728898826FE7F27009B7848 /* Resources */ = {
			isa = PBXResourcesBuildPhase;
			buildActionMask = 2147483647;
			files = (
				07CDB15C26FFAA4C008A14DF /* User.graphql in Resources */,
				0728899526FE7F28009B7848 /* Preview Assets.xcassets in Resources */,
				0736925427028246001BF001 /* Glyphs.json in Resources */,
				0736924E27027C34001BF001 /* Feather.ttf in Resources */,
				07CDB16426FFBDDF008A14DF /* Bill.graphql in Resources */,
				07A176FC26FED43600DDBC2A /* Authentication.graphql in Resources */,
				0728899226FE7F28009B7848 /* Assets.xcassets in Resources */,
			);
			runOnlyForDeploymentPostprocessing = 0;
		};
		0728899826FE7F28009B7848 /* Resources */ = {
			isa = PBXResourcesBuildPhase;
			buildActionMask = 2147483647;
			files = (
			);
			runOnlyForDeploymentPostprocessing = 0;
		};
		072889A226FE7F28009B7848 /* Resources */ = {
			isa = PBXResourcesBuildPhase;
			buildActionMask = 2147483647;
			files = (
			);
			runOnlyForDeploymentPostprocessing = 0;
		};
/* End PBXResourcesBuildPhase section */

/* Begin PBXShellScriptBuildPhase section */
		0754C23F270226B300325720 /* Format */ = {
			isa = PBXShellScriptBuildPhase;
			buildActionMask = 2147483647;
			files = (
			);
			inputFileListPaths = (
			);
			inputPaths = (
			);
			name = Format;
			outputFileListPaths = (
			);
			outputPaths = (
			);
			runOnlyForDeploymentPostprocessing = 0;
			shellPath = /bin/sh;
			shellScript = "# Type a script or drag a script file from your workspace to insert its path.\n\"${PODS_ROOT}/SwiftFormat/CommandLineTool/swiftformat\" \"$SRCROOT\" --swiftversion \"$SWIFT_VERSION\"\n";
		};
		07A176F926FED3BA00DDBC2A /* Generate Apollo GraphQL API */ = {
			isa = PBXShellScriptBuildPhase;
			buildActionMask = 2147483647;
			files = (
			);
			inputFileListPaths = (
			);
			inputPaths = (
				"$(SRCROOT)/Bills/**/*.graphql",
			);
			name = "Generate Apollo GraphQL API";
			outputFileListPaths = (
			);
			outputPaths = (
				"$(SRCROOT)/Bills/API.swift",
			);
			runOnlyForDeploymentPostprocessing = 0;
			shellPath = /bin/sh;
			shellScript = "# Type a script or drag a script file from your workspace to insert its path.\n\nSCRIPT_PATH=\"${PODS_ROOT}/Apollo/scripts\"\ncd \"${SRCROOT}/${TARGET_NAME}\"\n\"${SCRIPT_PATH}\"/run-bundled-codegen.sh codegen:generate --target=swift --includes=./**/*.graphql --endpoint=\"http://localhost:3000/graphql\" API.swift\n";
			showEnvVarsInLog = 0;
		};
		16AA49796859705F6320B4DB /* [CP] Check Pods Manifest.lock */ = {
			isa = PBXShellScriptBuildPhase;
			buildActionMask = 2147483647;
			files = (
			);
			inputFileListPaths = (
			);
			inputPaths = (
				"${PODS_PODFILE_DIR_PATH}/Podfile.lock",
				"${PODS_ROOT}/Manifest.lock",
			);
			name = "[CP] Check Pods Manifest.lock";
			outputFileListPaths = (
			);
			outputPaths = (
				"$(DERIVED_FILE_DIR)/Pods-Bills-BillsUITests-checkManifestLockResult.txt",
			);
			runOnlyForDeploymentPostprocessing = 0;
			shellPath = /bin/sh;
			shellScript = "diff \"${PODS_PODFILE_DIR_PATH}/Podfile.lock\" \"${PODS_ROOT}/Manifest.lock\" > /dev/null\nif [ $? != 0 ] ; then\n    # print error to STDERR\n    echo \"error: The sandbox is not in sync with the Podfile.lock. Run 'pod install' or update your CocoaPods installation.\" >&2\n    exit 1\nfi\n# This output is used by Xcode 'outputs' to avoid re-running this script phase.\necho \"SUCCESS\" > \"${SCRIPT_OUTPUT_FILE_0}\"\n";
			showEnvVarsInLog = 0;
		};
		68BAE4DD0DB1E0B55275DDD3 /* [CP] Embed Pods Frameworks */ = {
			isa = PBXShellScriptBuildPhase;
			buildActionMask = 2147483647;
			files = (
			);
			inputFileListPaths = (
				"${PODS_ROOT}/Target Support Files/Pods-Bills-BillsUITests/Pods-Bills-BillsUITests-frameworks-${CONFIGURATION}-input-files.xcfilelist",
			);
			name = "[CP] Embed Pods Frameworks";
			outputFileListPaths = (
				"${PODS_ROOT}/Target Support Files/Pods-Bills-BillsUITests/Pods-Bills-BillsUITests-frameworks-${CONFIGURATION}-output-files.xcfilelist",
			);
			runOnlyForDeploymentPostprocessing = 0;
			shellPath = /bin/sh;
			shellScript = "\"${PODS_ROOT}/Target Support Files/Pods-Bills-BillsUITests/Pods-Bills-BillsUITests-frameworks.sh\"\n";
			showEnvVarsInLog = 0;
		};
		8B77BC5EFA8A0398C73F893D /* [CP] Check Pods Manifest.lock */ = {
			isa = PBXShellScriptBuildPhase;
			buildActionMask = 2147483647;
			files = (
			);
			inputFileListPaths = (
			);
			inputPaths = (
				"${PODS_PODFILE_DIR_PATH}/Podfile.lock",
				"${PODS_ROOT}/Manifest.lock",
			);
			name = "[CP] Check Pods Manifest.lock";
			outputFileListPaths = (
			);
			outputPaths = (
				"$(DERIVED_FILE_DIR)/Pods-Bills-checkManifestLockResult.txt",
			);
			runOnlyForDeploymentPostprocessing = 0;
			shellPath = /bin/sh;
			shellScript = "diff \"${PODS_PODFILE_DIR_PATH}/Podfile.lock\" \"${PODS_ROOT}/Manifest.lock\" > /dev/null\nif [ $? != 0 ] ; then\n    # print error to STDERR\n    echo \"error: The sandbox is not in sync with the Podfile.lock. Run 'pod install' or update your CocoaPods installation.\" >&2\n    exit 1\nfi\n# This output is used by Xcode 'outputs' to avoid re-running this script phase.\necho \"SUCCESS\" > \"${SCRIPT_OUTPUT_FILE_0}\"\n";
			showEnvVarsInLog = 0;
		};
		E2CCD9E2540D48710B89C472 /* [CP] Check Pods Manifest.lock */ = {
			isa = PBXShellScriptBuildPhase;
			buildActionMask = 2147483647;
			files = (
			);
			inputFileListPaths = (
			);
			inputPaths = (
				"${PODS_PODFILE_DIR_PATH}/Podfile.lock",
				"${PODS_ROOT}/Manifest.lock",
			);
			name = "[CP] Check Pods Manifest.lock";
			outputFileListPaths = (
			);
			outputPaths = (
				"$(DERIVED_FILE_DIR)/Pods-BillsTests-checkManifestLockResult.txt",
			);
			runOnlyForDeploymentPostprocessing = 0;
			shellPath = /bin/sh;
			shellScript = "diff \"${PODS_PODFILE_DIR_PATH}/Podfile.lock\" \"${PODS_ROOT}/Manifest.lock\" > /dev/null\nif [ $? != 0 ] ; then\n    # print error to STDERR\n    echo \"error: The sandbox is not in sync with the Podfile.lock. Run 'pod install' or update your CocoaPods installation.\" >&2\n    exit 1\nfi\n# This output is used by Xcode 'outputs' to avoid re-running this script phase.\necho \"SUCCESS\" > \"${SCRIPT_OUTPUT_FILE_0}\"\n";
			showEnvVarsInLog = 0;
		};
		F489EB97BC421CAA078EFE84 /* [CP] Embed Pods Frameworks */ = {
			isa = PBXShellScriptBuildPhase;
			buildActionMask = 2147483647;
			files = (
			);
			inputFileListPaths = (
				"${PODS_ROOT}/Target Support Files/Pods-Bills/Pods-Bills-frameworks-${CONFIGURATION}-input-files.xcfilelist",
			);
			name = "[CP] Embed Pods Frameworks";
			outputFileListPaths = (
				"${PODS_ROOT}/Target Support Files/Pods-Bills/Pods-Bills-frameworks-${CONFIGURATION}-output-files.xcfilelist",
			);
			runOnlyForDeploymentPostprocessing = 0;
			shellPath = /bin/sh;
			shellScript = "\"${PODS_ROOT}/Target Support Files/Pods-Bills/Pods-Bills-frameworks.sh\"\n";
			showEnvVarsInLog = 0;
		};
/* End PBXShellScriptBuildPhase section */

/* Begin PBXSourcesBuildPhase section */
		0728898626FE7F27009B7848 /* Sources */ = {
			isa = PBXSourcesBuildPhase;
			buildActionMask = 2147483647;
			files = (
				072889BA26FE7F93009B7848 /* HomeView.swift in Sources */,
				07CDB15426FF7D2B008A14DF /* LoginController.swift in Sources */,
				072889BC26FE8017009B7848 /* SettingsView.swift in Sources */,
				0728899026FE7F27009B7848 /* ContentView.swift in Sources */,
				07CDB16D27000E52008A14DF /* BillView.swift in Sources */,
				07CDB16226FFB437008A14DF /* AddBillView.swift in Sources */,
				072889C226FEA277009B7848 /* ChartView.swift in Sources */,
				07CDB15E26FFAD23008A14DF /* ProfileController.swift in Sources */,
				072889BE26FE827E009B7848 /* GeneralView.swift in Sources */,
				07A1770026FED61500DDBC2A /* Network.swift in Sources */,
				07CDB16926FFD51C008A14DF /* Currency.swift in Sources */,
				07CDB16B26FFFBCB008A14DF /* Date.swift in Sources */,
				07CDB15A26FFA4D7008A14DF /* AuthenticationController.swift in Sources */,
				072889C026FE9342009B7848 /* AboutView.swift in Sources */,
				07CDB15826FF94B6008A14DF /* TokenManager.swift in Sources */,
				07A176FE26FED53B00DDBC2A /* API.swift in Sources */,
				07CDB16626FFBE83008A14DF /* BillController.swift in Sources */,
				07369256270283B9001BF001 /* FeatherController.swift in Sources */,
				0736925227028172001BF001 /* FeatherIcon.swift in Sources */,
				07CDB15626FF8FD6008A14DF /* AuthenticationInterceptor.swift in Sources */,
				07A1770226FED9F400DDBC2A /* LoginView.swift in Sources */,
				0736925C27029DB3001BF001 /* CurrencyField.swift in Sources */,
				0728898E26FE7F27009B7848 /* BillsApp.swift in Sources */,
				07369258270288D6001BF001 /* TabBar.swift in Sources */,
			);
			runOnlyForDeploymentPostprocessing = 0;
		};
		0728899626FE7F28009B7848 /* Sources */ = {
			isa = PBXSourcesBuildPhase;
			buildActionMask = 2147483647;
			files = (
				0728899F26FE7F28009B7848 /* BillsTests.swift in Sources */,
			);
			runOnlyForDeploymentPostprocessing = 0;
		};
		072889A026FE7F28009B7848 /* Sources */ = {
			isa = PBXSourcesBuildPhase;
			buildActionMask = 2147483647;
			files = (
				072889A926FE7F28009B7848 /* BillsUITests.swift in Sources */,
				072889AB26FE7F28009B7848 /* BillsUITestsLaunchTests.swift in Sources */,
			);
			runOnlyForDeploymentPostprocessing = 0;
		};
/* End PBXSourcesBuildPhase section */

/* Begin PBXTargetDependency section */
		0728899C26FE7F28009B7848 /* PBXTargetDependency */ = {
			isa = PBXTargetDependency;
			target = 0728898926FE7F27009B7848 /* Bills */;
			targetProxy = 0728899B26FE7F28009B7848 /* PBXContainerItemProxy */;
		};
		072889A626FE7F28009B7848 /* PBXTargetDependency */ = {
			isa = PBXTargetDependency;
			target = 0728898926FE7F27009B7848 /* Bills */;
			targetProxy = 072889A526FE7F28009B7848 /* PBXContainerItemProxy */;
		};
/* End PBXTargetDependency section */

/* Begin XCBuildConfiguration section */
		072889AC26FE7F28009B7848 /* Debug */ = {
			isa = XCBuildConfiguration;
			buildSettings = {
				ALWAYS_SEARCH_USER_PATHS = NO;
				CLANG_ANALYZER_NONNULL = YES;
				CLANG_ANALYZER_NUMBER_OBJECT_CONVERSION = YES_AGGRESSIVE;
				CLANG_CXX_LANGUAGE_STANDARD = "gnu++17";
				CLANG_CXX_LIBRARY = "libc++";
				CLANG_ENABLE_MODULES = YES;
				CLANG_ENABLE_OBJC_ARC = YES;
				CLANG_ENABLE_OBJC_WEAK = YES;
				CLANG_WARN_BLOCK_CAPTURE_AUTORELEASING = YES;
				CLANG_WARN_BOOL_CONVERSION = YES;
				CLANG_WARN_COMMA = YES;
				CLANG_WARN_CONSTANT_CONVERSION = YES;
				CLANG_WARN_DEPRECATED_OBJC_IMPLEMENTATIONS = YES;
				CLANG_WARN_DIRECT_OBJC_ISA_USAGE = YES_ERROR;
				CLANG_WARN_DOCUMENTATION_COMMENTS = YES;
				CLANG_WARN_EMPTY_BODY = YES;
				CLANG_WARN_ENUM_CONVERSION = YES;
				CLANG_WARN_INFINITE_RECURSION = YES;
				CLANG_WARN_INT_CONVERSION = YES;
				CLANG_WARN_NON_LITERAL_NULL_CONVERSION = YES;
				CLANG_WARN_OBJC_IMPLICIT_RETAIN_SELF = YES;
				CLANG_WARN_OBJC_LITERAL_CONVERSION = YES;
				CLANG_WARN_OBJC_ROOT_CLASS = YES_ERROR;
				CLANG_WARN_QUOTED_INCLUDE_IN_FRAMEWORK_HEADER = YES;
				CLANG_WARN_RANGE_LOOP_ANALYSIS = YES;
				CLANG_WARN_STRICT_PROTOTYPES = YES;
				CLANG_WARN_SUSPICIOUS_MOVE = YES;
				CLANG_WARN_UNGUARDED_AVAILABILITY = YES_AGGRESSIVE;
				CLANG_WARN_UNREACHABLE_CODE = YES;
				CLANG_WARN__DUPLICATE_METHOD_MATCH = YES;
				COPY_PHASE_STRIP = NO;
				DEBUG_INFORMATION_FORMAT = dwarf;
				ENABLE_STRICT_OBJC_MSGSEND = YES;
				ENABLE_TESTABILITY = YES;
				GCC_C_LANGUAGE_STANDARD = gnu11;
				GCC_DYNAMIC_NO_PIC = NO;
				GCC_NO_COMMON_BLOCKS = YES;
				GCC_OPTIMIZATION_LEVEL = 0;
				GCC_PREPROCESSOR_DEFINITIONS = (
					"DEBUG=1",
					"$(inherited)",
				);
				GCC_WARN_64_TO_32_BIT_CONVERSION = YES;
				GCC_WARN_ABOUT_RETURN_TYPE = YES_ERROR;
				GCC_WARN_UNDECLARED_SELECTOR = YES;
				GCC_WARN_UNINITIALIZED_AUTOS = YES_AGGRESSIVE;
				GCC_WARN_UNUSED_FUNCTION = YES;
				GCC_WARN_UNUSED_VARIABLE = YES;
				IPHONEOS_DEPLOYMENT_TARGET = 15.0;
				MTL_ENABLE_DEBUG_INFO = INCLUDE_SOURCE;
				MTL_FAST_MATH = YES;
				ONLY_ACTIVE_ARCH = YES;
				SDKROOT = iphoneos;
				SWIFT_ACTIVE_COMPILATION_CONDITIONS = DEBUG;
				SWIFT_OPTIMIZATION_LEVEL = "-Onone";
			};
			name = Debug;
		};
		072889AD26FE7F28009B7848 /* Release */ = {
			isa = XCBuildConfiguration;
			buildSettings = {
				ALWAYS_SEARCH_USER_PATHS = NO;
				CLANG_ANALYZER_NONNULL = YES;
				CLANG_ANALYZER_NUMBER_OBJECT_CONVERSION = YES_AGGRESSIVE;
				CLANG_CXX_LANGUAGE_STANDARD = "gnu++17";
				CLANG_CXX_LIBRARY = "libc++";
				CLANG_ENABLE_MODULES = YES;
				CLANG_ENABLE_OBJC_ARC = YES;
				CLANG_ENABLE_OBJC_WEAK = YES;
				CLANG_WARN_BLOCK_CAPTURE_AUTORELEASING = YES;
				CLANG_WARN_BOOL_CONVERSION = YES;
				CLANG_WARN_COMMA = YES;
				CLANG_WARN_CONSTANT_CONVERSION = YES;
				CLANG_WARN_DEPRECATED_OBJC_IMPLEMENTATIONS = YES;
				CLANG_WARN_DIRECT_OBJC_ISA_USAGE = YES_ERROR;
				CLANG_WARN_DOCUMENTATION_COMMENTS = YES;
				CLANG_WARN_EMPTY_BODY = YES;
				CLANG_WARN_ENUM_CONVERSION = YES;
				CLANG_WARN_INFINITE_RECURSION = YES;
				CLANG_WARN_INT_CONVERSION = YES;
				CLANG_WARN_NON_LITERAL_NULL_CONVERSION = YES;
				CLANG_WARN_OBJC_IMPLICIT_RETAIN_SELF = YES;
				CLANG_WARN_OBJC_LITERAL_CONVERSION = YES;
				CLANG_WARN_OBJC_ROOT_CLASS = YES_ERROR;
				CLANG_WARN_QUOTED_INCLUDE_IN_FRAMEWORK_HEADER = YES;
				CLANG_WARN_RANGE_LOOP_ANALYSIS = YES;
				CLANG_WARN_STRICT_PROTOTYPES = YES;
				CLANG_WARN_SUSPICIOUS_MOVE = YES;
				CLANG_WARN_UNGUARDED_AVAILABILITY = YES_AGGRESSIVE;
				CLANG_WARN_UNREACHABLE_CODE = YES;
				CLANG_WARN__DUPLICATE_METHOD_MATCH = YES;
				COPY_PHASE_STRIP = NO;
				DEBUG_INFORMATION_FORMAT = "dwarf-with-dsym";
				ENABLE_NS_ASSERTIONS = NO;
				ENABLE_STRICT_OBJC_MSGSEND = YES;
				GCC_C_LANGUAGE_STANDARD = gnu11;
				GCC_NO_COMMON_BLOCKS = YES;
				GCC_WARN_64_TO_32_BIT_CONVERSION = YES;
				GCC_WARN_ABOUT_RETURN_TYPE = YES_ERROR;
				GCC_WARN_UNDECLARED_SELECTOR = YES;
				GCC_WARN_UNINITIALIZED_AUTOS = YES_AGGRESSIVE;
				GCC_WARN_UNUSED_FUNCTION = YES;
				GCC_WARN_UNUSED_VARIABLE = YES;
				IPHONEOS_DEPLOYMENT_TARGET = 15.0;
				MTL_ENABLE_DEBUG_INFO = NO;
				MTL_FAST_MATH = YES;
				SDKROOT = iphoneos;
				SWIFT_COMPILATION_MODE = wholemodule;
				SWIFT_OPTIMIZATION_LEVEL = "-O";
				VALIDATE_PRODUCT = YES;
			};
			name = Release;
		};
		072889AF26FE7F28009B7848 /* Debug */ = {
			isa = XCBuildConfiguration;
			baseConfigurationReference = 09706D9AACABC75B7FDEC1BD /* Pods-Bills.debug.xcconfig */;
			buildSettings = {
				ASSETCATALOG_COMPILER_APPICON_NAME = AppIcon;
				ASSETCATALOG_COMPILER_GLOBAL_ACCENT_COLOR_NAME = AccentColor;
				CODE_SIGN_STYLE = Automatic;
				CURRENT_PROJECT_VERSION = 1;
				DEVELOPMENT_ASSET_PATHS = "\"Bills/Preview Content\"";
				DEVELOPMENT_TEAM = 27KZ57XG99;
				ENABLE_PREVIEWS = YES;
				GENERATE_INFOPLIST_FILE = YES;
				INFOPLIST_FILE = Bills/Info.plist;
				INFOPLIST_KEY_UIApplicationSceneManifest_Generation = YES;
				INFOPLIST_KEY_UIApplicationSupportsIndirectInputEvents = YES;
				INFOPLIST_KEY_UILaunchScreen_Generation = YES;
				INFOPLIST_KEY_UISupportedInterfaceOrientations_iPad = "UIInterfaceOrientationPortrait UIInterfaceOrientationPortraitUpsideDown UIInterfaceOrientationLandscapeLeft UIInterfaceOrientationLandscapeRight";
				INFOPLIST_KEY_UISupportedInterfaceOrientations_iPhone = "UIInterfaceOrientationPortrait UIInterfaceOrientationLandscapeLeft UIInterfaceOrientationLandscapeRight";
				IPHONEOS_DEPLOYMENT_TARGET = 15.0;
				LD_RUNPATH_SEARCH_PATHS = (
					"$(inherited)",
					"@executable_path/Frameworks",
				);
				MARKETING_VERSION = 1.0;
				PRODUCT_BUNDLE_IDENTIFIER = com.ceopaludetto.Bills;
				PRODUCT_NAME = "$(TARGET_NAME)";
				SWIFT_EMIT_LOC_STRINGS = YES;
				SWIFT_VERSION = 5.0;
				TARGETED_DEVICE_FAMILY = "1,2";
			};
			name = Debug;
		};
		072889B026FE7F28009B7848 /* Release */ = {
			isa = XCBuildConfiguration;
			baseConfigurationReference = 2BAFC8B2B4332D115F51D4E8 /* Pods-Bills.release.xcconfig */;
			buildSettings = {
				ASSETCATALOG_COMPILER_APPICON_NAME = AppIcon;
				ASSETCATALOG_COMPILER_GLOBAL_ACCENT_COLOR_NAME = AccentColor;
				CODE_SIGN_STYLE = Automatic;
				CURRENT_PROJECT_VERSION = 1;
				DEVELOPMENT_ASSET_PATHS = "\"Bills/Preview Content\"";
				DEVELOPMENT_TEAM = 27KZ57XG99;
				ENABLE_PREVIEWS = YES;
				GENERATE_INFOPLIST_FILE = YES;
				INFOPLIST_FILE = Bills/Info.plist;
				INFOPLIST_KEY_UIApplicationSceneManifest_Generation = YES;
				INFOPLIST_KEY_UIApplicationSupportsIndirectInputEvents = YES;
				INFOPLIST_KEY_UILaunchScreen_Generation = YES;
				INFOPLIST_KEY_UISupportedInterfaceOrientations_iPad = "UIInterfaceOrientationPortrait UIInterfaceOrientationPortraitUpsideDown UIInterfaceOrientationLandscapeLeft UIInterfaceOrientationLandscapeRight";
				INFOPLIST_KEY_UISupportedInterfaceOrientations_iPhone = "UIInterfaceOrientationPortrait UIInterfaceOrientationLandscapeLeft UIInterfaceOrientationLandscapeRight";
				IPHONEOS_DEPLOYMENT_TARGET = 15.0;
				LD_RUNPATH_SEARCH_PATHS = (
					"$(inherited)",
					"@executable_path/Frameworks",
				);
				MARKETING_VERSION = 1.0;
				PRODUCT_BUNDLE_IDENTIFIER = com.ceopaludetto.Bills;
				PRODUCT_NAME = "$(TARGET_NAME)";
				SWIFT_EMIT_LOC_STRINGS = YES;
				SWIFT_VERSION = 5.0;
				TARGETED_DEVICE_FAMILY = "1,2";
			};
			name = Release;
		};
		072889B226FE7F28009B7848 /* Debug */ = {
			isa = XCBuildConfiguration;
			baseConfigurationReference = 6F1069CAF482C01927E46AF8 /* Pods-BillsTests.debug.xcconfig */;
			buildSettings = {
				ALWAYS_EMBED_SWIFT_STANDARD_LIBRARIES = YES;
				BUNDLE_LOADER = "$(TEST_HOST)";
				CODE_SIGN_STYLE = Automatic;
				CURRENT_PROJECT_VERSION = 1;
				DEVELOPMENT_TEAM = 27KZ57XG99;
				GENERATE_INFOPLIST_FILE = YES;
				IPHONEOS_DEPLOYMENT_TARGET = 14.0;
				LD_RUNPATH_SEARCH_PATHS = (
					"$(inherited)",
					"@executable_path/Frameworks",
					"@loader_path/Frameworks",
				);
				MARKETING_VERSION = 1.0;
				PRODUCT_BUNDLE_IDENTIFIER = com.ceopaludetto.BillsTests;
				PRODUCT_NAME = "$(TARGET_NAME)";
				SWIFT_EMIT_LOC_STRINGS = NO;
				SWIFT_VERSION = 5.0;
				TARGETED_DEVICE_FAMILY = "1,2";
				TEST_HOST = "$(BUILT_PRODUCTS_DIR)/Bills.app/Bills";
			};
			name = Debug;
		};
		072889B326FE7F28009B7848 /* Release */ = {
			isa = XCBuildConfiguration;
			baseConfigurationReference = F6021C4B4B245B36F6098154 /* Pods-BillsTests.release.xcconfig */;
			buildSettings = {
				ALWAYS_EMBED_SWIFT_STANDARD_LIBRARIES = YES;
				BUNDLE_LOADER = "$(TEST_HOST)";
				CODE_SIGN_STYLE = Automatic;
				CURRENT_PROJECT_VERSION = 1;
				DEVELOPMENT_TEAM = 27KZ57XG99;
				GENERATE_INFOPLIST_FILE = YES;
				IPHONEOS_DEPLOYMENT_TARGET = 14.0;
				LD_RUNPATH_SEARCH_PATHS = (
					"$(inherited)",
					"@executable_path/Frameworks",
					"@loader_path/Frameworks",
				);
				MARKETING_VERSION = 1.0;
				PRODUCT_BUNDLE_IDENTIFIER = com.ceopaludetto.BillsTests;
				PRODUCT_NAME = "$(TARGET_NAME)";
				SWIFT_EMIT_LOC_STRINGS = NO;
				SWIFT_VERSION = 5.0;
				TARGETED_DEVICE_FAMILY = "1,2";
				TEST_HOST = "$(BUILT_PRODUCTS_DIR)/Bills.app/Bills";
			};
			name = Release;
		};
		072889B526FE7F28009B7848 /* Debug */ = {
			isa = XCBuildConfiguration;
			baseConfigurationReference = FC30D5E8ABC7CB067696C0CB /* Pods-Bills-BillsUITests.debug.xcconfig */;
			buildSettings = {
				ALWAYS_EMBED_SWIFT_STANDARD_LIBRARIES = YES;
				CODE_SIGN_STYLE = Automatic;
				CURRENT_PROJECT_VERSION = 1;
				DEVELOPMENT_TEAM = 27KZ57XG99;
				GENERATE_INFOPLIST_FILE = YES;
				LD_RUNPATH_SEARCH_PATHS = (
					"$(inherited)",
					"@executable_path/Frameworks",
					"@loader_path/Frameworks",
				);
				MARKETING_VERSION = 1.0;
				PRODUCT_BUNDLE_IDENTIFIER = com.ceopaludetto.BillsUITests;
				PRODUCT_NAME = "$(TARGET_NAME)";
				SWIFT_EMIT_LOC_STRINGS = NO;
				SWIFT_VERSION = 5.0;
				TARGETED_DEVICE_FAMILY = "1,2";
				TEST_TARGET_NAME = Bills;
			};
			name = Debug;
		};
		072889B626FE7F28009B7848 /* Release */ = {
			isa = XCBuildConfiguration;
			baseConfigurationReference = BA9950477D4283ED9E7BB617 /* Pods-Bills-BillsUITests.release.xcconfig */;
			buildSettings = {
				ALWAYS_EMBED_SWIFT_STANDARD_LIBRARIES = YES;
				CODE_SIGN_STYLE = Automatic;
				CURRENT_PROJECT_VERSION = 1;
				DEVELOPMENT_TEAM = 27KZ57XG99;
				GENERATE_INFOPLIST_FILE = YES;
				LD_RUNPATH_SEARCH_PATHS = (
					"$(inherited)",
					"@executable_path/Frameworks",
					"@loader_path/Frameworks",
				);
				MARKETING_VERSION = 1.0;
				PRODUCT_BUNDLE_IDENTIFIER = com.ceopaludetto.BillsUITests;
				PRODUCT_NAME = "$(TARGET_NAME)";
				SWIFT_EMIT_LOC_STRINGS = NO;
				SWIFT_VERSION = 5.0;
				TARGETED_DEVICE_FAMILY = "1,2";
				TEST_TARGET_NAME = Bills;
			};
			name = Release;
		};
/* End XCBuildConfiguration section */

/* Begin XCConfigurationList section */
		0728898526FE7F27009B7848 /* Build configuration list for PBXProject "Bills" */ = {
			isa = XCConfigurationList;
			buildConfigurations = (
				072889AC26FE7F28009B7848 /* Debug */,
				072889AD26FE7F28009B7848 /* Release */,
			);
			defaultConfigurationIsVisible = 0;
			defaultConfigurationName = Release;
		};
		072889AE26FE7F28009B7848 /* Build configuration list for PBXNativeTarget "Bills" */ = {
			isa = XCConfigurationList;
			buildConfigurations = (
				072889AF26FE7F28009B7848 /* Debug */,
				072889B026FE7F28009B7848 /* Release */,
			);
			defaultConfigurationIsVisible = 0;
			defaultConfigurationName = Release;
		};
		072889B126FE7F28009B7848 /* Build configuration list for PBXNativeTarget "BillsTests" */ = {
			isa = XCConfigurationList;
			buildConfigurations = (
				072889B226FE7F28009B7848 /* Debug */,
				072889B326FE7F28009B7848 /* Release */,
			);
			defaultConfigurationIsVisible = 0;
			defaultConfigurationName = Release;
		};
		072889B426FE7F28009B7848 /* Build configuration list for PBXNativeTarget "BillsUITests" */ = {
			isa = XCConfigurationList;
			buildConfigurations = (
				072889B526FE7F28009B7848 /* Debug */,
				072889B626FE7F28009B7848 /* Release */,
			);
			defaultConfigurationIsVisible = 0;
			defaultConfigurationName = Release;
		};
/* End XCConfigurationList section */
	};
	rootObject = 0728898226FE7F27009B7848 /* Project object */;
}
